{
  "nodes": {
    "network-secrets": {
      "flake": false,
      "locked": {
        "lastModified": 1,
        "narHash": "sha256-iLwz/dTWA10buwvcjC4MNwDH3ohjCRtOL4wNu65bz60=",
        "path": "/nix/store/xxkhlsnhjsz2b5fg8a659b1yyz5bzh1h-source/network-secrets.example.nix",
        "type": "path"
      },
      "original": {
        "path": "/nix/store/xxkhlsnhjsz2b5fg8a659b1yyz5bzh1h-source/network-secrets.example.nix",
        "type": "path"
      }
    },
    "root": {
      "inputs": {
        "network-secrets": "network-secrets"
      }
    }
  },
  "root": "root",
  "version": 7
}
