{
  "nodes": {
    "network-secrets": {
      "flake": false,
      "locked": {
        "lastModified": 1788733527,
        "narHash": "sha256-fYBahdIqs+ZWANSeQ7gYeg5A7Vp9AvjwIfA47V5U7mY=",
        "path": "/home/vieta/Projects/agents/crews/dhallcrew/nix/network-secrets.nix",
        "type": "path"
      },
      "original": {
        "path": "/home/vieta/Projects/agents/crews/dhallcrew/nix/network-secrets.nix",
        "type": "path"
      }
    },
    "nixpkgs": {
      "locked": {
        "lastModified": 1789286504,
        "narHash": "sha256-eiEK7cKZORNEvX0GeF3RtNEF/JXhgf2RqSp3230q13E=",
        "owner": "NixOS",
        "repo": "nixpkgs",
        "rev": "ef34387ddd751e1ab8857adf4676492d32eb24ec",
        "type": "github"
      },
      "original": {
        "owner": "NixOS",
        "ref": "nixos-unstable",
        "repo": "nixpkgs",
        "type": "github"
      }
    },
    "root": {
      "inputs": {
        "network-secrets": "network-secrets",
        "nixpkgs": "nixpkgs"
      }
    }
  },
  "root": "root",
  "version": 7
}
